
Microsoft Visual Studio Solution File, Format Version 12.00
# Visual Studio Version 17
VisualStudioVersion = 17.0.31903.59
MinimumVisualStudioVersion = 10.0.40219.1
Project("{2150E333-8FDC-42A3-9474-1A3956D46DE8}") = "src", "src", "{827E0CD3-B72D-47B6-A68D-7590B98EB39B}"
EndProject
Project("{FAE04EC0-301F-11D3-BF4B-00C04F79EFBC}") = "AsterLauncher.Core", "src\AsterLauncher.Core\AsterLauncher.Core.csproj", "{EBD47033-5B40-4D2A-8E8B-4E3AF93FF54D}"
EndProject
Project("{FAE04EC0-301F-11D3-BF4B-00C04F79EFBC}") = "AsterLauncher.Infrastructure", "src\AsterLauncher.Infrastructure\AsterLauncher.Infrastructure.csproj", "{42E39D40-58C5-4079-ADB9-32341300D935}"
EndProject
Project("{FAE04EC0-301F-11D3-BF4B-00C04F79EFBC}") = "AsterLauncher.App", "src\AsterLauncher.App\AsterLauncher.App.csproj", "{95598238-1D25-4C3A-A44E-E1801A50A3BA}"
EndProject
Project("{2150E333-8FDC-42A3-9474-1A3956D46DE8}") = "tests", "tests", "{0AB3BF05-4346-4AA6-1389-037BE0695223}"
EndProject
Project("{FAE04EC0-301F-11D3-BF4B-00C04F79EFBC}") = "AsterLauncher.Core.Tests", "tests\AsterLauncher.Core.Tests\AsterLauncher.Core.Tests.csproj", "{A519FA19-AEDC-4EA2-B4AD-3A9AC3E98BB9}"
EndProject
Project("{FAE04EC0-301F-11D3-BF4B-00C04F79EFBC}") = "AsterLauncher.Tray", "src\AsterLauncher.Tray\AsterLauncher.Tray.csproj", "{C423DE2D-484F-4300-8C6A-9A4EDD382AFC}"
EndProject
Global
	GlobalSection(SolutionConfigurationPlatforms) = preSolution
		Debug|Any CPU = Debug|Any CPU
		Debug|x64 = Debug|x64
		Debug|x86 = Debug|x86
		Release|Any CPU = Release|Any CPU
		Release|x64 = Release|x64
		Release|x86 = Release|x86
	EndGlobalSection
	GlobalSection(ProjectConfigurationPlatforms) = postSolution
		{EBD47033-5B40-4D2A-8E8B-4E3AF93FF54D}.Debug|Any CPU.ActiveCfg = Debug|Any CPU
		{EBD47033-5B40-4D2A-8E8B-4E3AF93FF54D}.Debug|Any CPU.Build.0 = Debug|Any CPU
		{EBD47033-5B40-4D2A-8E8B-4E3AF93FF54D}.Debug|x64.ActiveCfg = Debug|Any CPU
		{EBD47033-5B40-4D2A-8E8B-4E3AF93FF54D}.Debug|x64.Build.0 = Debug|Any CPU
		{EBD47033-5B40-4D2A-8E8B-4E3AF93FF54D}.Debug|x86.ActiveCfg = Debug|Any CPU
		{EBD47033-5B40-4D2A-8E8B-4E3AF93FF54D}.Debug|x86.Build.0 = Debug|Any CPU
		{EBD47033-5B40-4D2A-8E8B-4E3AF93FF54D}.Release|Any CPU.ActiveCfg = Release|Any CPU
		{EBD47033-5B40-4D2A-8E8B-4E3AF93FF54D}.Release|Any CPU.Build.0 = Release|Any CPU
		{EBD47033-5B40-4D2A-8E8B-4E3AF93FF54D}.Release|x64.ActiveCfg = Release|Any CPU
		{EBD47033-5B40-4D2A-8E8B-4E3AF93FF54D}.Release|x64.Build.0 = Release|Any CPU
		{EBD47033-5B40-4D2A-8E8B-4E3AF93FF54D}.Release|x86.ActiveCfg = Release|Any CPU
		{EBD47033-5B40-4D2A-8E8B-4E3AF93FF54D}.Release|x86.Build.0 = Release|Any CPU
		{42E39D40-58C5-4079-ADB9-32341300D935}.Debug|Any CPU.ActiveCfg = Debug|Any CPU
		{42E39D40-58C5-4079-ADB9-32341300D935}.Debug|Any CPU.Build.0 = Debug|Any CPU
		{42E39D40-58C5-4079-ADB9-32341300D935}.Debug|x64.ActiveCfg = Debug|Any CPU
		{42E39D40-58C5-4079-ADB9-32341300D935}.Debug|x64.Build.0 = Debug|Any CPU
		{42E39D40-58C5-4079-ADB9-32341300D935}.Debug|x86.ActiveCfg = Debug|Any CPU
		{42E39D40-58C5-4079-ADB9-32341300D935}.Debug|x86.Build.0 = Debug|Any CPU
		{42E39D40-58C5-4079-ADB9-32341300D935}.Release|Any CPU.ActiveCfg = Release|Any CPU
		{42E39D40-58C5-4079-ADB9-32341300D935}.Release|Any CPU.Build.0 = Release|Any CPU
		{42E39D40-58C5-4079-ADB9-32341300D935}.Release|x64.ActiveCfg = Release|Any CPU
		{42E39D40-58C5-4079-ADB9-32341300D935}.Release|x64.Build.0 = Release|Any CPU
		{42E39D40-58C5-4079-ADB9-32341300D935}.Release|x86.ActiveCfg = Release|Any CPU
		{42E39D40-58C5-4079-ADB9-32341300D935}.Release|x86.Build.0 = Release|Any CPU
		{95598238-1D25-4C3A-A44E-E1801A50A3BA}.Debug|Any CPU.ActiveCfg = Debug|x64
		{95598238-1D25-4C3A-A44E-E1801A50A3BA}.Debug|Any CPU.Build.0 = Debug|x64
		{95598238-1D25-4C3A-A44E-E1801A50A3BA}.Debug|x64.ActiveCfg = Debug|x64
		{95598238-1D25-4C3A-A44E-E1801A50A3BA}.Debug|x64.Build.0 = Debug|x64
		{95598238-1D25-4C3A-A44E-E1801A50A3BA}.Debug|x86.ActiveCfg = Debug|x64
		{95598238-1D25-4C3A-A44E-E1801A50A3BA}.Debug|x86.Build.0 = Debug|x64
		{95598238-1D25-4C3A-A44E-E1801A50A3BA}.Release|Any CPU.ActiveCfg = Release|x64
		{95598238-1D25-4C3A-A44E-E1801A50A3BA}.Release|Any CPU.Build.0 = Release|x64
		{95598238-1D25-4C3A-A44E-E1801A50A3BA}.Release|x64.ActiveCfg = Release|x64
		{95598238-1D25-4C3A-A44E-E1801A50A3BA}.Release|x64.Build.0 = Release|x64
		{95598238-1D25-4C3A-A44E-E1801A50A3BA}.Release|x86.ActiveCfg = Release|x64
		{95598238-1D25-4C3A-A44E-E1801A50A3BA}.Release|x86.Build.0 = Release|x64
		{A519FA19-AEDC-4EA2-B4AD-3A9AC3E98BB9}.Debug|Any CPU.ActiveCfg = Debug|Any CPU
		{A519FA19-AEDC-4EA2-B4AD-3A9AC3E98BB9}.Debug|Any CPU.Build.0 = Debug|Any CPU
		{A519FA19-AEDC-4EA2-B4AD-3A9AC3E98BB9}.Debug|x64.ActiveCfg = Debug|Any CPU
		{A519FA19-AEDC-4EA2-B4AD-3A9AC3E98BB9}.Debug|x64.Build.0 = Debug|Any CPU
		{A519FA19-AEDC-4EA2-B4AD-3A9AC3E98BB9}.Debug|x86.ActiveCfg = Debug|Any CPU
		{A519FA19-AEDC-4EA2-B4AD-3A9AC3E98BB9}.Debug|x86.Build.0 = Debug|Any CPU
		{A519FA19-AEDC-4EA2-B4AD-3A9AC3E98BB9}.Release|Any CPU.ActiveCfg = Release|Any CPU
		{A519FA19-AEDC-4EA2-B4AD-3A9AC3E98BB9}.Release|Any CPU.Build.0 = Release|Any CPU
		{A519FA19-AEDC-4EA2-B4AD-3A9AC3E98BB9}.Release|x64.ActiveCfg = Release|Any CPU
		{A519FA19-AEDC-4EA2-B4AD-3A9AC3E98BB9}.Release|x64.Build.0 = Release|Any CPU
		{A519FA19-AEDC-4EA2-B4AD-3A9AC3E98BB9}.Release|x86.ActiveCfg = Release|Any CPU
		{A519FA19-AEDC-4EA2-B4AD-3A9AC3E98BB9}.Release|x86.Build.0 = Release|Any CPU
		{C423DE2D-484F-4300-8C6A-9A4EDD382AFC}.Debug|Any CPU.ActiveCfg = Debug|Any CPU
		{C423DE2D-484F-4300-8C6A-9A4EDD382AFC}.Debug|Any CPU.Build.0 = Debug|Any CPU
		{C423DE2D-484F-4300-8C6A-9A4EDD382AFC}.Debug|x64.ActiveCfg = Debug|Any CPU
		{C423DE2D-484F-4300-8C6A-9A4EDD382AFC}.Debug|x64.Build.0 = Debug|Any CPU
		{C423DE2D-484F-4300-8C6A-9A4EDD382AFC}.Debug|x86.ActiveCfg = Debug|Any CPU
		{C423DE2D-484F-4300-8C6A-9A4EDD382AFC}.Debug|x86.Build.0 = Debug|Any CPU
		{C423DE2D-484F-4300-8C6A-9A4EDD382AFC}.Release|Any CPU.ActiveCfg = Release|Any CPU
		{C423DE2D-484F-4300-8C6A-9A4EDD382AFC}.Release|Any CPU.Build.0 = Release|Any CPU
		{C423DE2D-484F-4300-8C6A-9A4EDD382AFC}.Release|x64.ActiveCfg = Release|Any CPU
		{C423DE2D-484F-4300-8C6A-9A4EDD382AFC}.Release|x64.Build.0 = Release|Any CPU
		{C423DE2D-484F-4300-8C6A-9A4EDD382AFC}.Release|x86.ActiveCfg = Release|Any CPU
		{C423DE2D-484F-4300-8C6A-9A4EDD382AFC}.Release|x86.Build.0 = Release|Any CPU
	EndGlobalSection
	GlobalSection(SolutionProperties) = preSolution
		HideSolutionNode = FALSE
	EndGlobalSection
	GlobalSection(NestedProjects) = preSolution
		{EBD47033-5B40-4D2A-8E8B-4E3AF93FF54D} = {827E0CD3-B72D-47B6-A68D-7590B98EB39B}
		{42E39D40-58C5-4079-ADB9-32341300D935} = {827E0CD3-B72D-47B6-A68D-7590B98EB39B}
		{95598238-1D25-4C3A-A44E-E1801A50A3BA} = {827E0CD3-B72D-47B6-A68D-7590B98EB39B}
		{A519FA19-AEDC-4EA2-B4AD-3A9AC3E98BB9} = {0AB3BF05-4346-4AA6-1389-037BE0695223}
		{C423DE2D-484F-4300-8C6A-9A4EDD382AFC} = {827E0CD3-B72D-47B6-A68D-7590B98EB39B}
	EndGlobalSection
EndGlobal
